
Microsoft Visual Studio Solution File, Format Version 12.00
# Visual Studio Version 17
VisualStudioVersion = 17.3.32825.248
MinimumVisualStudioVersion = 10.0.40219.1
Project("{FAE04EC0-301F-11D3-BF4B-00C04F79EFBC}") = "Banco", "Banco\Banco.csproj", "{0592EADA-3B16-4B92-9EFA-0CABD726F6F4}"
EndProject
Global
	GlobalSection(SolutionConfigurationPlatforms) = preSolution
		Debug|Any CPU = Debug|Any CPU
		Release|Any CPU = Release|Any CPU
	EndGlobalSection
	GlobalSection(ProjectConfigurationPlatforms) = postSolution
		{0592EADA-3B16-4B92-9EFA-0CABD726F6F4}.Debug|Any CPU.ActiveCfg = Debug|Any CPU
		{0592EADA-3B16-4B92-9EFA-0CABD726F6F4}.Debug|Any CPU.Build.0 = Debug|Any CPU
		{0592EADA-3B16-4B92-9EFA-0CABD726F6F4}.Release|Any CPU.ActiveCfg = Release|Any CPU
		{0592EADA-3B16-4B92-9EFA-0CABD726F6F4}.Release|Any CPU.Build.0 = Release|Any CPU
	EndGlobalSection
	GlobalSection(SolutionProperties) = preSolution
		HideSolutionNode = FALSE
	EndGlobalSection
	GlobalSection(ExtensibilityGlobals) = postSolution
		SolutionGuid = {67FC8A18-C088-4518-BEAE-B8F43FC82195}
	EndGlobalSection
EndGlobal
