
Microsoft Visual Studio Solution File, Format Version 12.00
# Visual Studio Version 17
VisualStudioVersion = 17.3.32825.248
MinimumVisualStudioVersion = 10.0.40219.1
Project("{FAE04EC0-301F-11D3-BF4B-00C04F79EFBC}") = "Estoque Simples", "Estoque Simples\Estoque Simples.csproj", "{EE6751B3-2A57-40FC-A996-911E7F8DCE9D}"
EndProject
Global
	GlobalSection(SolutionConfigurationPlatforms) = preSolution
		Debug|Any CPU = Debug|Any CPU
		Release|Any CPU = Release|Any CPU
	EndGlobalSection
	GlobalSection(ProjectConfigurationPlatforms) = postSolution
		{EE6751B3-2A57-40FC-A996-911E7F8DCE9D}.Debug|Any CPU.ActiveCfg = Debug|Any CPU
		{EE6751B3-2A57-40FC-A996-911E7F8DCE9D}.Debug|Any CPU.Build.0 = Debug|Any CPU
		{EE6751B3-2A57-40FC-A996-911E7F8DCE9D}.Release|Any CPU.ActiveCfg = Release|Any CPU
		{EE6751B3-2A57-40FC-A996-911E7F8DCE9D}.Release|Any CPU.Build.0 = Release|Any CPU
	EndGlobalSection
	GlobalSection(SolutionProperties) = preSolution
		HideSolutionNode = FALSE
	EndGlobalSection
	GlobalSection(ExtensibilityGlobals) = postSolution
		SolutionGuid = {67823008-46CF-4C52-9BA2-DC75433CF9E2}
	EndGlobalSection
EndGlobal
