
Microsoft Visual Studio Solution File, Format Version 12.00
# Visual Studio Version 17
VisualStudioVersion = 17.3.32825.248
MinimumVisualStudioVersion = 10.0.40219.1
Project("{FAE04EC0-301F-11D3-BF4B-00C04F79EFBC}") = "Exercicio de FIxação 02", "Exercicio de FIxação 02\Exercicio de FIxação 02.csproj", "{C86AF32B-9E09-4FC3-87A5-E1DBD835419C}"
EndProject
Global
	GlobalSection(SolutionConfigurationPlatforms) = preSolution
		Debug|Any CPU = Debug|Any CPU
		Release|Any CPU = Release|Any CPU
	EndGlobalSection
	GlobalSection(ProjectConfigurationPlatforms) = postSolution
		{C86AF32B-9E09-4FC3-87A5-E1DBD835419C}.Debug|Any CPU.ActiveCfg = Debug|Any CPU
		{C86AF32B-9E09-4FC3-87A5-E1DBD835419C}.Debug|Any CPU.Build.0 = Debug|Any CPU
		{C86AF32B-9E09-4FC3-87A5-E1DBD835419C}.Release|Any CPU.ActiveCfg = Release|Any CPU
		{C86AF32B-9E09-4FC3-87A5-E1DBD835419C}.Release|Any CPU.Build.0 = Release|Any CPU
	EndGlobalSection
	GlobalSection(SolutionProperties) = preSolution
		HideSolutionNode = FALSE
	EndGlobalSection
	GlobalSection(ExtensibilityGlobals) = postSolution
		SolutionGuid = {CACBFF1E-B3ED-4498-A77F-E33BB92DA1F5}
	EndGlobalSection
EndGlobal
