
Microsoft Visual Studio Solution File, Format Version 12.00
# Visual Studio Version 17
VisualStudioVersion = 17.3.32825.248
MinimumVisualStudioVersion = 10.0.40219.1
Project("{FAE04EC0-301F-11D3-BF4B-00C04F79EFBC}") = "ex03", "ex03\ex03.csproj", "{39D56B8D-9662-43C9-A723-CF166CE0AB89}"
EndProject
Global
	GlobalSection(SolutionConfigurationPlatforms) = preSolution
		Debug|Any CPU = Debug|Any CPU
		Release|Any CPU = Release|Any CPU
	EndGlobalSection
	GlobalSection(ProjectConfigurationPlatforms) = postSolution
		{39D56B8D-9662-43C9-A723-CF166CE0AB89}.Debug|Any CPU.ActiveCfg = Debug|Any CPU
		{39D56B8D-9662-43C9-A723-CF166CE0AB89}.Debug|Any CPU.Build.0 = Debug|Any CPU
		{39D56B8D-9662-43C9-A723-CF166CE0AB89}.Release|Any CPU.ActiveCfg = Release|Any CPU
		{39D56B8D-9662-43C9-A723-CF166CE0AB89}.Release|Any CPU.Build.0 = Release|Any CPU
	EndGlobalSection
	GlobalSection(SolutionProperties) = preSolution
		HideSolutionNode = FALSE
	EndGlobalSection
	GlobalSection(ExtensibilityGlobals) = postSolution
		SolutionGuid = {57D4333F-6BEE-45BA-B7EE-284C18B99FC1}
	EndGlobalSection
EndGlobal
