
Microsoft Visual Studio Solution File, Format Version 12.00
# Visual Studio Version 17
VisualStudioVersion = 17.3.32825.248
MinimumVisualStudioVersion = 10.0.40219.1
Project("{FAE04EC0-301F-11D3-BF4B-00C04F79EFBC}") = "Matriz", "Matriz\Matriz.csproj", "{2E3C99EF-68BE-4894-AC6F-C6E8799AF478}"
EndProject
Global
	GlobalSection(SolutionConfigurationPlatforms) = preSolution
		Debug|Any CPU = Debug|Any CPU
		Release|Any CPU = Release|Any CPU
	EndGlobalSection
	GlobalSection(ProjectConfigurationPlatforms) = postSolution
		{2E3C99EF-68BE-4894-AC6F-C6E8799AF478}.Debug|Any CPU.ActiveCfg = Debug|Any CPU
		{2E3C99EF-68BE-4894-AC6F-C6E8799AF478}.Debug|Any CPU.Build.0 = Debug|Any CPU
		{2E3C99EF-68BE-4894-AC6F-C6E8799AF478}.Release|Any CPU.ActiveCfg = Release|Any CPU
		{2E3C99EF-68BE-4894-AC6F-C6E8799AF478}.Release|Any CPU.Build.0 = Release|Any CPU
	EndGlobalSection
	GlobalSection(SolutionProperties) = preSolution
		HideSolutionNode = FALSE
	EndGlobalSection
	GlobalSection(ExtensibilityGlobals) = postSolution
		SolutionGuid = {811ECB95-E6AB-4C30-BE67-1719A8648B7C}
	EndGlobalSection
EndGlobal
