
Microsoft Visual Studio Solution File, Format Version 12.00
# Visual Studio Version 17
VisualStudioVersion = 17.3.32825.248
MinimumVisualStudioVersion = 10.0.40219.1
Project("{FAE04EC0-301F-11D3-BF4B-00C04F79EFBC}") = "MatrizExercicio", "MatrizExercicio\MatrizExercicio.csproj", "{ECF582EA-5EA1-483B-BC63-1353D61C968F}"
EndProject
Global
	GlobalSection(SolutionConfigurationPlatforms) = preSolution
		Debug|Any CPU = Debug|Any CPU
		Release|Any CPU = Release|Any CPU
	EndGlobalSection
	GlobalSection(ProjectConfigurationPlatforms) = postSolution
		{ECF582EA-5EA1-483B-BC63-1353D61C968F}.Debug|Any CPU.ActiveCfg = Debug|Any CPU
		{ECF582EA-5EA1-483B-BC63-1353D61C968F}.Debug|Any CPU.Build.0 = Debug|Any CPU
		{ECF582EA-5EA1-483B-BC63-1353D61C968F}.Release|Any CPU.ActiveCfg = Release|Any CPU
		{ECF582EA-5EA1-483B-BC63-1353D61C968F}.Release|Any CPU.Build.0 = Release|Any CPU
	EndGlobalSection
	GlobalSection(SolutionProperties) = preSolution
		HideSolutionNode = FALSE
	EndGlobalSection
	GlobalSection(ExtensibilityGlobals) = postSolution
		SolutionGuid = {A183CFBE-EEC9-4D36-AF91-02167B047FDE}
	EndGlobalSection
EndGlobal
