
Microsoft Visual Studio Solution File, Format Version 12.00
# Visual Studio Version 17
VisualStudioVersion = 17.3.32825.248
MinimumVisualStudioVersion = 10.0.40219.1
Project("{FAE04EC0-301F-11D3-BF4B-00C04F79EFBC}") = "Heranca", "Herança\Heranca.csproj", "{59EE6E1E-F123-44F1-AE39-0FC502724DD1}"
EndProject
Global
	GlobalSection(SolutionConfigurationPlatforms) = preSolution
		Debug|Any CPU = Debug|Any CPU
		Release|Any CPU = Release|Any CPU
	EndGlobalSection
	GlobalSection(ProjectConfigurationPlatforms) = postSolution
		{59EE6E1E-F123-44F1-AE39-0FC502724DD1}.Debug|Any CPU.ActiveCfg = Debug|Any CPU
		{59EE6E1E-F123-44F1-AE39-0FC502724DD1}.Debug|Any CPU.Build.0 = Debug|Any CPU
		{59EE6E1E-F123-44F1-AE39-0FC502724DD1}.Release|Any CPU.ActiveCfg = Release|Any CPU
		{59EE6E1E-F123-44F1-AE39-0FC502724DD1}.Release|Any CPU.Build.0 = Release|Any CPU
	EndGlobalSection
	GlobalSection(SolutionProperties) = preSolution
		HideSolutionNode = FALSE
	EndGlobalSection
	GlobalSection(ExtensibilityGlobals) = postSolution
		SolutionGuid = {74906D0F-9A72-4495-9257-94FCD460652B}
	EndGlobalSection
EndGlobal
