
Microsoft Visual Studio Solution File, Format Version 12.00
# Visual Studio Version 17
VisualStudioVersion = 17.3.32825.248
MinimumVisualStudioVersion = 10.0.40219.1
Project("{FAE04EC0-301F-11D3-BF4B-00C04F79EFBC}") = "PrimeiroPrograma", "PrimeiroPrograma\PrimeiroPrograma.csproj", "{1DDB20A0-2772-413A-911E-18ABB5813EEF}"
EndProject
Global
	GlobalSection(SolutionConfigurationPlatforms) = preSolution
		Debug|Any CPU = Debug|Any CPU
		Release|Any CPU = Release|Any CPU
	EndGlobalSection
	GlobalSection(ProjectConfigurationPlatforms) = postSolution
		{1DDB20A0-2772-413A-911E-18ABB5813EEF}.Debug|Any CPU.ActiveCfg = Debug|Any CPU
		{1DDB20A0-2772-413A-911E-18ABB5813EEF}.Debug|Any CPU.Build.0 = Debug|Any CPU
		{1DDB20A0-2772-413A-911E-18ABB5813EEF}.Release|Any CPU.ActiveCfg = Release|Any CPU
		{1DDB20A0-2772-413A-911E-18ABB5813EEF}.Release|Any CPU.Build.0 = Release|Any CPU
	EndGlobalSection
	GlobalSection(SolutionProperties) = preSolution
		HideSolutionNode = FALSE
	EndGlobalSection
	GlobalSection(ExtensibilityGlobals) = postSolution
		SolutionGuid = {5A53CAF5-C69B-46EA-9452-037090BB0339}
	EndGlobalSection
EndGlobal
