
Microsoft Visual Studio Solution File, Format Version 12.00
# Visual Studio Version 17
VisualStudioVersion = 17.3.32825.248
MinimumVisualStudioVersion = 10.0.40219.1
Project("{FAE04EC0-301F-11D3-BF4B-00C04F79EFBC}") = "Exercicio for 01", "Exercicio for 01\Exercicio for 01.csproj", "{F444E5A0-3BB9-49DF-88C7-1612802EE268}"
EndProject
Global
	GlobalSection(SolutionConfigurationPlatforms) = preSolution
		Debug|Any CPU = Debug|Any CPU
		Release|Any CPU = Release|Any CPU
	EndGlobalSection
	GlobalSection(ProjectConfigurationPlatforms) = postSolution
		{F444E5A0-3BB9-49DF-88C7-1612802EE268}.Debug|Any CPU.ActiveCfg = Debug|Any CPU
		{F444E5A0-3BB9-49DF-88C7-1612802EE268}.Debug|Any CPU.Build.0 = Debug|Any CPU
		{F444E5A0-3BB9-49DF-88C7-1612802EE268}.Release|Any CPU.ActiveCfg = Release|Any CPU
		{F444E5A0-3BB9-49DF-88C7-1612802EE268}.Release|Any CPU.Build.0 = Release|Any CPU
	EndGlobalSection
	GlobalSection(SolutionProperties) = preSolution
		HideSolutionNode = FALSE
	EndGlobalSection
	GlobalSection(ExtensibilityGlobals) = postSolution
		SolutionGuid = {F57F21CC-3784-4EFB-A105-8E777DDF2CE6}
	EndGlobalSection
EndGlobal
