
Microsoft Visual Studio Solution File, Format Version 12.00
# Visual Studio Version 17
VisualStudioVersion = 17.3.32825.248
MinimumVisualStudioVersion = 10.0.40219.1
Project("{FAE04EC0-301F-11D3-BF4B-00C04F79EFBC}") = "Exercicio fixação 01", "Exercicio fixação 01\Exercicio fixação 01.csproj", "{0E590609-169F-4C57-9D04-15A843269DCF}"
EndProject
Global
	GlobalSection(SolutionConfigurationPlatforms) = preSolution
		Debug|Any CPU = Debug|Any CPU
		Release|Any CPU = Release|Any CPU
	EndGlobalSection
	GlobalSection(ProjectConfigurationPlatforms) = postSolution
		{0E590609-169F-4C57-9D04-15A843269DCF}.Debug|Any CPU.ActiveCfg = Debug|Any CPU
		{0E590609-169F-4C57-9D04-15A843269DCF}.Debug|Any CPU.Build.0 = Debug|Any CPU
		{0E590609-169F-4C57-9D04-15A843269DCF}.Release|Any CPU.ActiveCfg = Release|Any CPU
		{0E590609-169F-4C57-9D04-15A843269DCF}.Release|Any CPU.Build.0 = Release|Any CPU
	EndGlobalSection
	GlobalSection(SolutionProperties) = preSolution
		HideSolutionNode = FALSE
	EndGlobalSection
	GlobalSection(ExtensibilityGlobals) = postSolution
		SolutionGuid = {DDFDB85B-B9C6-4209-9353-EE8AF0BC4234}
	EndGlobalSection
EndGlobal
